
Microsoft Visual Studio Solution File, Format Version 12.00
# Visual Studio 15
VisualStudioVersion = 15.0.28307.329
MinimumVisualStudioVersion = 10.0.40219.1
Project("{FAE04EC0-301F-11D3-BF4B-00C04F79EFBC}") = "SalesWebMvc", "SalesWebMvc\SalesWebMvc.csproj", "{A5AF9D32-3C9D-4B2C-8D90-4685A7C00CEE}"
EndProject
Global
	GlobalSection(SolutionConfigurationPlatforms) = preSolution
		Debug|Any CPU = Debug|Any CPU
		Release|Any CPU = Release|Any CPU
	EndGlobalSection
	GlobalSection(ProjectConfigurationPlatforms) = postSolution
		{A5AF9D32-3C9D-4B2C-8D90-4685A7C00CEE}.Debug|Any CPU.ActiveCfg = Debug|Any CPU
		{A5AF9D32-3C9D-4B2C-8D90-4685A7C00CEE}.Debug|Any CPU.Build.0 = Debug|Any CPU
		{A5AF9D32-3C9D-4B2C-8D90-4685A7C00CEE}.Release|Any CPU.ActiveCfg = Release|Any CPU
		{A5AF9D32-3C9D-4B2C-8D90-4685A7C00CEE}.Release|Any CPU.Build.0 = Release|Any CPU
	EndGlobalSection
	GlobalSection(SolutionProperties) = preSolution
		HideSolutionNode = FALSE
	EndGlobalSection
	GlobalSection(ExtensibilityGlobals) = postSolution
		SolutionGuid = {80D5E837-E102-40E8-A777-DEE7DCC5F4FC}
	EndGlobalSection
EndGlobal
